{
  "object": {
    "pins": [
      {
        "package": "clt-logger",
        "repositoryURL": "https://github.com/xcode-actions/clt-logger.git",
        "state": {
          "branch": null,
          "revision": "466436154f6b54f7f54dd14c7e1ee887ecb979e0",
          "version": "1.0.0-beta.4"
        }
      },
      {
        "package": "eXtenderZ",
        "repositoryURL": "https://github.com/Frizlab/eXtenderZ.git",
        "state": {
          "branch": null,
          "revision": "6df281911c5bb6095a7988e3b60986ef91536ec3",
          "version": "2.0.0"
        }
      },
      {
        "package": "stream-reader",
        "repositoryURL": "https://github.com/xcode-actions/stream-reader.git",
        "state": {
          "branch": null,
          "revision": "959d3b01f024b7d59d02291f1836f443e4bdb8b8",
          "version": "3.6.0"
        }
      },
      {
        "package": "swift-argument-parser",
        "repositoryURL": "https://github.com/apple/swift-argument-parser.git",
        "state": {
          "branch": null,
          "revision": "41982a3656a71c768319979febd796c6fd111d5c",
          "version": "1.5.0"
        }
      },
      {
        "package": "swift-log",
        "repositoryURL": "https://github.com/apple/swift-log.git",
        "state": {
          "branch": null,
          "revision": "96a2f8a0fa41e9e09af4585e2724c4e825410b91",
          "version": "1.6.2"
        }
      },
      {
        "package": "swift-signal-handling",
        "repositoryURL": "https://github.com/xcode-actions/swift-signal-handling.git",
        "state": {
          "branch": null,
          "revision": "14f28ad303398d3eb684de46347540ad6f365829",
          "version": "1.1.2"
        }
      },
      {
        "package": "swift-system",
        "repositoryURL": "https://github.com/apple/swift-system.git",
        "state": {
          "branch": null,
          "revision": "c8a44d836fe7913603e246acab7c528c2e780168",
          "version": "1.4.0"
        }
      },
      {
        "package": "UnwrapOrThrow",
        "repositoryURL": "https://github.com/Frizlab/UnwrapOrThrow.git",
        "state": {
          "branch": null,
          "revision": "085ea7b599b0db956541b7189a57b0c98f15337f",
          "version": "1.0.1"
        }
      }
    ]
  },
  "version": 1
}
